
Microsoft Visual Studio Solution File, Format Version 12.00
# Visual Studio 15
VisualStudioVersion = 15.0.27428.2037
MinimumVisualStudioVersion = 10.0.40219.1
Project("{9A19103F-16F7-4668-BE54-9A1E7A4F7556}") = "TestClient", "TestClient\TestClient.csproj", "{34AACBB0-8F91-4801-BEF6-1B0167727BA1}"
EndProject
Project("{9A19103F-16F7-4668-BE54-9A1E7A4F7556}") = "ShamWow", "ShamWow\ShamWow.csproj", "{3F5065A0-DD69-40C2-84FF-D3BE29B39AEB}"
EndProject
Project("{9A19103F-16F7-4668-BE54-9A1E7A4F7556}") = "ShamWowTests", "ShamWowTests\ShamWowTests.csproj", "{983583D1-7EF3-4815-AB95-72D5BE576B50}"
EndProject
Global
	GlobalSection(SolutionConfigurationPlatforms) = preSolution
		Debug|Any CPU = Debug|Any CPU
		Release|Any CPU = Release|Any CPU
	EndGlobalSection
	GlobalSection(ProjectConfigurationPlatforms) = postSolution
		{34AACBB0-8F91-4801-BEF6-1B0167727BA1}.Debug|Any CPU.ActiveCfg = Debug|Any CPU
		{34AACBB0-8F91-4801-BEF6-1B0167727BA1}.Debug|Any CPU.Build.0 = Debug|Any CPU
		{34AACBB0-8F91-4801-BEF6-1B0167727BA1}.Release|Any CPU.ActiveCfg = Release|Any CPU
		{34AACBB0-8F91-4801-BEF6-1B0167727BA1}.Release|Any CPU.Build.0 = Release|Any CPU
		{3F5065A0-DD69-40C2-84FF-D3BE29B39AEB}.Debug|Any CPU.ActiveCfg = Debug|Any CPU
		{3F5065A0-DD69-40C2-84FF-D3BE29B39AEB}.Debug|Any CPU.Build.0 = Debug|Any CPU
		{3F5065A0-DD69-40C2-84FF-D3BE29B39AEB}.Release|Any CPU.ActiveCfg = Release|Any CPU
		{3F5065A0-DD69-40C2-84FF-D3BE29B39AEB}.Release|Any CPU.Build.0 = Release|Any CPU
		{983583D1-7EF3-4815-AB95-72D5BE576B50}.Debug|Any CPU.ActiveCfg = Debug|Any CPU
		{983583D1-7EF3-4815-AB95-72D5BE576B50}.Debug|Any CPU.Build.0 = Debug|Any CPU
		{983583D1-7EF3-4815-AB95-72D5BE576B50}.Release|Any CPU.ActiveCfg = Release|Any CPU
		{983583D1-7EF3-4815-AB95-72D5BE576B50}.Release|Any CPU.Build.0 = Release|Any CPU
	EndGlobalSection
	GlobalSection(SolutionProperties) = preSolution
		HideSolutionNode = FALSE
	EndGlobalSection
	GlobalSection(ExtensibilityGlobals) = postSolution
		SolutionGuid = {08B02707-FBC1-4F89-98F9-712326421C04}
	EndGlobalSection
EndGlobal
